
Microsoft Visual Studio Solution File, Format Version 12.00
# Visual Studio 15
VisualStudioVersion = 15.0.28010.2003
MinimumVisualStudioVersion = 10.0.40219.1
Project("{FAE04EC0-301F-11D3-BF4B-00C04F79EFBC}") = "Epsilon optoNCDT 1302 + Eva Robotics", "Lector_Laser\Epsilon optoNCDT 1302 + Eva Robotics.csproj", "{D64A74B9-B236-4CB7-91EA-825D72ED2D2F}"
EndProject
Global
	GlobalSection(SolutionConfigurationPlatforms) = preSolution
		Debug|x86 = Debug|x86
		Release|x86 = Release|x86
	EndGlobalSection
	GlobalSection(ProjectConfigurationPlatforms) = postSolution
		{D64A74B9-B236-4CB7-91EA-825D72ED2D2F}.Debug|x86.ActiveCfg = Debug|x86
		{D64A74B9-B236-4CB7-91EA-825D72ED2D2F}.Debug|x86.Build.0 = Debug|x86
		{D64A74B9-B236-4CB7-91EA-825D72ED2D2F}.Release|x86.ActiveCfg = Release|x86
		{D64A74B9-B236-4CB7-91EA-825D72ED2D2F}.Release|x86.Build.0 = Release|x86
	EndGlobalSection
	GlobalSection(SolutionProperties) = preSolution
		HideSolutionNode = FALSE
	EndGlobalSection
	GlobalSection(ExtensibilityGlobals) = postSolution
		SolutionGuid = {1865EC1B-F401-4080-9193-4DD9C66DE0E8}
	EndGlobalSection
EndGlobal
